# This file is automatically @generated by Cargo.
# It is not intended for manual editing.
version = 3

[[package]]
name = "maybe_xml"
version = "0.10.0"
source = "registry+https://github.com/rust-lang/crates.io-index"
checksum = "8b7e463d496665d818b5b205e6b121ee650ec67f4fea634fceb6cf47f8b80186"

[[package]]
name = "readfeed"
version = "0.1.2"
dependencies = [
 "maybe_xml",
]
