# This file is automatically @generated by Cargo.
# It is not intended for manual editing.
version = 3

[[package]]
name = "maybe_xml"
version = "0.10.1"
source = "registry+https://github.com/rust-lang/crates.io-index"
checksum = "3ac6876e8b8af984fbb4479a78280a9b2c5254b582d1461ad0bbf8b756073631"

[[package]]
name = "readfeed"
version = "0.1.3"
dependencies = [
 "maybe_xml",
]
