# This file is automatically @generated by Cargo.
# It is not intended for manual editing.
version = 3

[[package]]
name = "maybe_xml"
version = "0.11.0"
source = "registry+https://github.com/rust-lang/crates.io-index"
checksum = "ff9a34090d672832f38a557fbcf606d3a42a519a12b1c956f3ceacc7b8d7141b"

[[package]]
name = "readfeed"
version = "0.2.0"
dependencies = [
 "maybe_xml",
]
